// !$*UTF8*$!
{
	archiveVersion = 1;
	classes = {
	};
	objectVersion = 46;
	objects = {

/* Begin PBXBuildFile section */
		C30BD0321AF1FFF300D39A85 /* main.m in Sources */ = {isa = PBXBuildFile; fileRef = C30BD0311AF1FFF300D39A85 /* main.m */; };
		C30BD0351AF1FFF300D39A85 /* BLCAppDelegate.m in Sources */ = {isa = PBXBuildFile; fileRef = C30BD0341AF1FFF300D39A85 /* BLCAppDelegate.m */; };
		C30BD03D1AF1FFF300D39A85 /* Images.xcassets in Resources */ = {isa = PBXBuildFile; fileRef = C30BD03C1AF1FFF300D39A85 /* Images.xcassets */; };
		C30BD04C1AF1FFF300D39A85 /* BlocstagramTests.m in Sources */ = {isa = PBXBuildFile; fileRef = C30BD04B1AF1FFF300D39A85 /* BlocstagramTests.m */; };
		C3C15BEC1AF203B7009B4A5F /* 1.jpg in Resources */ = {isa = PBXBuildFile; fileRef = C3C15BE21AF203B7009B4A5F /* 1.jpg */; };
		C3C15BED1AF203B7009B4A5F /* 2.jpg in Resources */ = {isa = PBXBuildFile; fileRef = C3C15BE31AF203B7009B4A5F /* 2.jpg */; };
		C3C15BEE1AF203B7009B4A5F /* 3.jpg in Resources */ = {isa = PBXBuildFile; fileRef = C3C15BE41AF203B7009B4A5F /* 3.jpg */; };
		C3C15BEF1AF203B7009B4A5F /* 4.jpg in Resources */ = {isa = PBXBuildFile; fileRef = C3C15BE51AF203B7009B4A5F /* 4.jpg */; };
		C3C15BF01AF203B7009B4A5F /* 5.jpg in Resources */ = {isa = PBXBuildFile; fileRef = C3C15BE61AF203B7009B4A5F /* 5.jpg */; };
		C3C15BF11AF203B7009B4A5F /* 6.jpg in Resources */ = {isa = PBXBuildFile; fileRef = C3C15BE71AF203B7009B4A5F /* 6.jpg */; };
		C3C15BF21AF203B7009B4A5F /* 7.jpg in Resources */ = {isa = PBXBuildFile; fileRef = C3C15BE81AF203B7009B4A5F /* 7.jpg */; };
		C3C15BF31AF203B7009B4A5F /* 8.jpg in Resources */ = {isa = PBXBuildFile; fileRef = C3C15BE91AF203B7009B4A5F /* 8.jpg */; };
		C3C15BF41AF203B7009B4A5F /* 9.jpg in Resources */ = {isa = PBXBuildFile; fileRef = C3C15BEA1AF203B7009B4A5F /* 9.jpg */; };
		C3C15BF51AF203B7009B4A5F /* 10.jpg in Resources */ = {isa = PBXBuildFile; fileRef = C3C15BEB1AF203B7009B4A5F /* 10.jpg */; };
		C3C15BF81AF2048C009B4A5F /* BLCImagesTableViewController.m in Sources */ = {isa = PBXBuildFile; fileRef = C3C15BF71AF2048C009B4A5F /* BLCImagesTableViewController.m */; };
		C3C15BFB1AF4862A009B4A5F /* BLCUser.m in Sources */ = {isa = PBXBuildFile; fileRef = C3C15BFA1AF4862A009B4A5F /* BLCUser.m */; };
		C3C15BFE1AF487F3009B4A5F /* BLCMedia.m in Sources */ = {isa = PBXBuildFile; fileRef = C3C15BFD1AF487F3009B4A5F /* BLCMedia.m */; };
		C3C15C011AF488B9009B4A5F /* BLCComment.m in Sources */ = {isa = PBXBuildFile; fileRef = C3C15C001AF488B9009B4A5F /* BLCComment.m */; };
		C3C15C041AF4895C009B4A5F /* BLCDataSource.m in Sources */ = {isa = PBXBuildFile; fileRef = C3C15C031AF4895C009B4A5F /* BLCDataSource.m */; };
/* End PBXBuildFile section */

/* Begin PBXContainerItemProxy section */
		C30BD0461AF1FFF300D39A85 /* PBXContainerItemProxy */ = {
			isa = PBXContainerItemProxy;
			containerPortal = C30BD0241AF1FFF200D39A85 /* Project object */;
			proxyType = 1;
			remoteGlobalIDString = C30BD02B1AF1FFF200D39A85;
			remoteInfo = Blocstagram;
		};
/* End PBXContainerItemProxy section */

/* Begin PBXFileReference section */
		C30BD02C1AF1FFF300D39A85 /* Blocstagram.app */ = {isa = PBXFileReference; explicitFileType = wrapper.application; includeInIndex = 0; path = Blocstagram.app; sourceTree = BUILT_PRODUCTS_DIR; };
		C30BD0301AF1FFF300D39A85 /* Info.plist */ = {isa = PBXFileReference; lastKnownFileType = text.plist.xml; path = Info.plist; sourceTree = "<group>"; };
		C30BD0311AF1FFF300D39A85 /* main.m */ = {isa = PBXFileReference; lastKnownFileType = sourcecode.c.objc; path = main.m; sourceTree = "<group>"; };
		C30BD0331AF1FFF300D39A85 /* BLCAppDelegate.h */ = {isa = PBXFileReference; lastKnownFileType = sourcecode.c.h; path = BLCAppDelegate.h; sourceTree = "<group>"; };
		C30BD0341AF1FFF300D39A85 /* BLCAppDelegate.m */ = {isa = PBXFileReference; lastKnownFileType = sourcecode.c.objc; path = BLCAppDelegate.m; sourceTree = "<group>"; };
		C30BD03C1AF1FFF300D39A85 /* Images.xcassets */ = {isa = PBXFileReference; lastKnownFileType = folder.assetcatalog; path = Images.xcassets; sourceTree = "<group>"; };
		C30BD0451AF1FFF300D39A85 /* BlocstagramTests.xctest */ = {isa = PBXFileReference; explicitFileType = wrapper.cfbundle; includeInIndex = 0; path = BlocstagramTests.xctest; sourceTree = BUILT_PRODUCTS_DIR; };
		C30BD04A1AF1FFF300D39A85 /* Info.plist */ = {isa = PBXFileReference; lastKnownFileType = text.plist.xml; path = Info.plist; sourceTree = "<group>"; };
		C30BD04B1AF1FFF300D39A85 /* BlocstagramTests.m */ = {isa = PBXFileReference; lastKnownFileType = sourcecode.c.objc; path = BlocstagramTests.m; sourceTree = "<group>"; };
		C3C15BE21AF203B7009B4A5F /* 1.jpg */ = {isa = PBXFileReference; lastKnownFileType = image.jpeg; path = 1.jpg; sourceTree = "<group>"; };
		C3C15BE31AF203B7009B4A5F /* 2.jpg */ = {isa = PBXFileReference; lastKnownFileType = image.jpeg; path = 2.jpg; sourceTree = "<group>"; };
		C3C15BE41AF203B7009B4A5F /* 3.jpg */ = {isa = PBXFileReference; lastKnownFileType = image.jpeg; path = 3.jpg; sourceTree = "<group>"; };
		C3C15BE51AF203B7009B4A5F /* 4.jpg */ = {isa = PBXFileReference; lastKnownFileType = image.jpeg; path = 4.jpg; sourceTree = "<group>"; };
		C3C15BE61AF203B7009B4A5F /* 5.jpg */ = {isa = PBXFileReference; lastKnownFileType = image.jpeg; path = 5.jpg; sourceTree = "<group>"; };
		C3C15BE71AF203B7009B4A5F /* 6.jpg */ = {isa = PBXFileReference; lastKnownFileType = image.jpeg; path = 6.jpg; sourceTree = "<group>"; };
		C3C15BE81AF203B7009B4A5F /* 7.jpg */ = {isa = PBXFileReference; lastKnownFileType = image.jpeg; path = 7.jpg; sourceTree = "<group>"; };
		C3C15BE91AF203B7009B4A5F /* 8.jpg */ = {isa = PBXFileReference; lastKnownFileType = image.jpeg; path = 8.jpg; sourceTree = "<group>"; };
		C3C15BEA1AF203B7009B4A5F /* 9.jpg */ = {isa = PBXFileReference; lastKnownFileType = image.jpeg; path = 9.jpg; sourceTree = "<group>"; };
		C3C15BEB1AF203B7009B4A5F /* 10.jpg */ = {isa = PBXFileReference; lastKnownFileType = image.jpeg; path = 10.jpg; sourceTree = "<group>"; };
		C3C15BF61AF2048C009B4A5F /* BLCImagesTableViewController.h */ = {isa = PBXFileReference; fileEncoding = 4; lastKnownFileType = sourcecode.c.h; path = BLCImagesTableViewController.h; sourceTree = "<group>"; };
		C3C15BF71AF2048C009B4A5F /* BLCImagesTableViewController.m */ = {isa = PBXFileReference; fileEncoding = 4; lastKnownFileType = sourcecode.c.objc; path = BLCImagesTableViewController.m; sourceTree = "<group>"; };
		C3C15BF91AF4862A009B4A5F /* BLCUser.h */ = {isa = PBXFileReference; fileEncoding = 4; lastKnownFileType = sourcecode.c.h; path = BLCUser.h; sourceTree = "<group>"; };
		C3C15BFA1AF4862A009B4A5F /* BLCUser.m */ = {isa = PBXFileReference; fileEncoding = 4; lastKnownFileType = sourcecode.c.objc; path = BLCUser.m; sourceTree = "<group>"; };
		C3C15BFC1AF487F3009B4A5F /* BLCMedia.h */ = {isa = PBXFileReference; fileEncoding = 4; lastKnownFileType = sourcecode.c.h; path = BLCMedia.h; sourceTree = "<group>"; };
		C3C15BFD1AF487F3009B4A5F /* BLCMedia.m */ = {isa = PBXFileReference; fileEncoding = 4; lastKnownFileType = sourcecode.c.objc; path = BLCMedia.m; sourceTree = "<group>"; };
		C3C15BFF1AF488B9009B4A5F /* BLCComment.h */ = {isa = PBXFileReference; fileEncoding = 4; lastKnownFileType = sourcecode.c.h; path = BLCComment.h; sourceTree = "<group>"; };
		C3C15C001AF488B9009B4A5F /* BLCComment.m */ = {isa = PBXFileReference; fileEncoding = 4; lastKnownFileType = sourcecode.c.objc; path = BLCComment.m; sourceTree = "<group>"; };
		C3C15C021AF4895C009B4A5F /* BLCDataSource.h */ = {isa = PBXFileReference; fileEncoding = 4; lastKnownFileType = sourcecode.c.h; path = BLCDataSource.h; sourceTree = "<group>"; };
		C3C15C031AF4895C009B4A5F /* BLCDataSource.m */ = {isa = PBXFileReference; fileEncoding = 4; lastKnownFileType = sourcecode.c.objc; path = BLCDataSource.m; sourceTree = "<group>"; };
/* End PBXFileReference section */

/* Begin PBXFrameworksBuildPhase section */
		C30BD0291AF1FFF200D39A85 /* Frameworks */ = {
			isa = PBXFrameworksBuildPhase;
			buildActionMask = 2147483647;
			files = (
			);
			runOnlyForDeploymentPostprocessing = 0;
		};
		C30BD0421AF1FFF300D39A85 /* Frameworks */ = {
			isa = PBXFrameworksBuildPhase;
			buildActionMask = 2147483647;
			files = (
			);
			runOnlyForDeploymentPostprocessing = 0;
		};
/* End PBXFrameworksBuildPhase section */

/* Begin PBXGroup section */
		C30BD0231AF1FFF200D39A85 = {
			isa = PBXGroup;
			children = (
				C30BD02E1AF1FFF300D39A85 /* Blocstagram */,
				C30BD0481AF1FFF300D39A85 /* BlocstagramTests */,
				C30BD02D1AF1FFF300D39A85 /* Products */,
			);
			sourceTree = "<group>";
		};
		C30BD02D1AF1FFF300D39A85 /* Products */ = {
			isa = PBXGroup;
			children = (
				C30BD02C1AF1FFF300D39A85 /* Blocstagram.app */,
				C30BD0451AF1FFF300D39A85 /* BlocstagramTests.xctest */,
			);
			name = Products;
			sourceTree = "<group>";
		};
		C30BD02E1AF1FFF300D39A85 /* Blocstagram */ = {
			isa = PBXGroup;
			children = (
				C3C15BFC1AF487F3009B4A5F /* BLCMedia.h */,
				C3C15BFD1AF487F3009B4A5F /* BLCMedia.m */,
				C3C15BFF1AF488B9009B4A5F /* BLCComment.h */,
				C3C15C001AF488B9009B4A5F /* BLCComment.m */,
				C3C15C021AF4895C009B4A5F /* BLCDataSource.h */,
				C3C15C031AF4895C009B4A5F /* BLCDataSource.m */,
				C3C15BF91AF4862A009B4A5F /* BLCUser.h */,
				C3C15BFA1AF4862A009B4A5F /* BLCUser.m */,
				C30BD0331AF1FFF300D39A85 /* BLCAppDelegate.h */,
				C30BD0341AF1FFF300D39A85 /* BLCAppDelegate.m */,
				C3C15BF61AF2048C009B4A5F /* BLCImagesTableViewController.h */,
				C3C15BF71AF2048C009B4A5F /* BLCImagesTableViewController.m */,
				C3C15BE11AF20361009B4A5F /* Images */,
				C30BD03C1AF1FFF300D39A85 /* Images.xcassets */,
				C30BD02F1AF1FFF300D39A85 /* Supporting Files */,
			);
			path = Blocstagram;
			sourceTree = "<group>";
		};
		C30BD02F1AF1FFF300D39A85 /* Supporting Files */ = {
			isa = PBXGroup;
			children = (
				C30BD0301AF1FFF300D39A85 /* Info.plist */,
				C30BD0311AF1FFF300D39A85 /* main.m */,
			);
			name = "Supporting Files";
			sourceTree = "<group>";
		};
		C30BD0481AF1FFF300D39A85 /* BlocstagramTests */ = {
			isa = PBXGroup;
			children = (
				C30BD04B1AF1FFF300D39A85 /* BlocstagramTests.m */,
				C30BD0491AF1FFF300D39A85 /* Supporting Files */,
			);
			path = BlocstagramTests;
			sourceTree = "<group>";
		};
		C30BD0491AF1FFF300D39A85 /* Supporting Files */ = {
			isa = PBXGroup;
			children = (
				C30BD04A1AF1FFF300D39A85 /* Info.plist */,
			);
			name = "Supporting Files";
			sourceTree = "<group>";
		};
		C3C15BE11AF20361009B4A5F /* Images */ = {
			isa = PBXGroup;
			children = (
				C3C15BE21AF203B7009B4A5F /* 1.jpg */,
				C3C15BE31AF203B7009B4A5F /* 2.jpg */,
				C3C15BE41AF203B7009B4A5F /* 3.jpg */,
				C3C15BE51AF203B7009B4A5F /* 4.jpg */,
				C3C15BE61AF203B7009B4A5F /* 5.jpg */,
				C3C15BE71AF203B7009B4A5F /* 6.jpg */,
				C3C15BE81AF203B7009B4A5F /* 7.jpg */,
				C3C15BE91AF203B7009B4A5F /* 8.jpg */,
				C3C15BEA1AF203B7009B4A5F /* 9.jpg */,
				C3C15BEB1AF203B7009B4A5F /* 10.jpg */,
			);
			name = Images;
			sourceTree = "<group>";
		};
/* End PBXGroup section */

/* Begin PBXNativeTarget section */
		C30BD02B1AF1FFF200D39A85 /* Blocstagram */ = {
			isa = PBXNativeTarget;
			buildConfigurationList = C30BD04F1AF1FFF300D39A85 /* Build configuration list for PBXNativeTarget "Blocstagram" */;
			buildPhases = (
				C30BD0281AF1FFF200D39A85 /* Sources */,
				C30BD0291AF1FFF200D39A85 /* Frameworks */,
				C30BD02A1AF1FFF200D39A85 /* Resources */,
			);
			buildRules = (
			);
			dependencies = (
			);
			name = Blocstagram;
			productName = Blocstagram;
			productReference = C30BD02C1AF1FFF300D39A85 /* Blocstagram.app */;
			productType = "com.apple.product-type.application";
		};
		C30BD0441AF1FFF300D39A85 /* BlocstagramTests */ = {
			isa = PBXNativeTarget;
			buildConfigurationList = C30BD0521AF1FFF300D39A85 /* Build configuration list for PBXNativeTarget "BlocstagramTests" */;
			buildPhases = (
				C30BD0411AF1FFF300D39A85 /* Sources */,
				C30BD0421AF1FFF300D39A85 /* Frameworks */,
				C30BD0431AF1FFF300D39A85 /* Resources */,
			);
			buildRules = (
			);
			dependencies = (
				C30BD0471AF1FFF300D39A85 /* PBXTargetDependency */,
			);
			name = BlocstagramTests;
			productName = BlocstagramTests;
			productReference = C30BD0451AF1FFF300D39A85 /* BlocstagramTests.xctest */;
			productType = "com.apple.product-type.bundle.unit-test";
		};
/* End PBXNativeTarget section */

/* Begin PBXProject section */
		C30BD0241AF1FFF200D39A85 /* Project object */ = {
			isa = PBXProject;
			attributes = {
				CLASSPREFIX = BLC;
				LastUpgradeCheck = 0630;
				ORGANIZATIONNAME = Bloc;
				TargetAttributes = {
					C30BD02B1AF1FFF200D39A85 = {
						CreatedOnToolsVersion = 6.3.1;
					};
					C30BD0441AF1FFF300D39A85 = {
						CreatedOnToolsVersion = 6.3.1;
						TestTargetID = C30BD02B1AF1FFF200D39A85;
					};
				};
			};
			buildConfigurationList = C30BD0271AF1FFF200D39A85 /* Build configuration list for PBXProject "Blocstagram" */;
			compatibilityVersion = "Xcode 3.2";
			developmentRegion = English;
			hasScannedForEncodings = 0;
			knownRegions = (
				en,
				Base,
			);
			mainGroup = C30BD0231AF1FFF200D39A85;
			productRefGroup = C30BD02D1AF1FFF300D39A85 /* Products */;
			projectDirPath = "";
			projectRoot = "";
			targets = (
				C30BD02B1AF1FFF200D39A85 /* Blocstagram */,
				C30BD0441AF1FFF300D39A85 /* BlocstagramTests */,
			);
		};
/* End PBXProject section */

/* Begin PBXResourcesBuildPhase section */
		C30BD02A1AF1FFF200D39A85 /* Resources */ = {
			isa = PBXResourcesBuildPhase;
			buildActionMask = 2147483647;
			files = (
				C3C15BF51AF203B7009B4A5F /* 10.jpg in Resources */,
				C3C15BF31AF203B7009B4A5F /* 8.jpg in Resources */,
				C3C15BF11AF203B7009B4A5F /* 6.jpg in Resources */,
				C3C15BF01AF203B7009B4A5F /* 5.jpg in Resources */,
				C3C15BEF1AF203B7009B4A5F /* 4.jpg in Resources */,
				C3C15BEC1AF203B7009B4A5F /* 1.jpg in Resources */,
				C3C15BED1AF203B7009B4A5F /* 2.jpg in Resources */,
				C3C15BEE1AF203B7009B4A5F /* 3.jpg in Resources */,
				C3C15BF21AF203B7009B4A5F /* 7.jpg in Resources */,
				C3C15BF41AF203B7009B4A5F /* 9.jpg in Resources */,
				C30BD03D1AF1FFF300D39A85 /* Images.xcassets in Resources */,
			);
			runOnlyForDeploymentPostprocessing = 0;
		};
		C30BD0431AF1FFF300D39A85 /* Resources */ = {
			isa = PBXResourcesBuildPhase;
			buildActionMask = 2147483647;
			files = (
			);
			runOnlyForDeploymentPostprocessing = 0;
		};
/* End PBXResourcesBuildPhase section */

/* Begin PBXSourcesBuildPhase section */
		C30BD0281AF1FFF200D39A85 /* Sources */ = {
			isa = PBXSourcesBuildPhase;
			buildActionMask = 2147483647;
			files = (
				C3C15BFB1AF4862A009B4A5F /* BLCUser.m in Sources */,
				C30BD0351AF1FFF300D39A85 /* BLCAppDelegate.m in Sources */,
				C30BD0321AF1FFF300D39A85 /* main.m in Sources */,
				C3C15BF81AF2048C009B4A5F /* BLCImagesTableViewController.m in Sources */,
				C3C15BFE1AF487F3009B4A5F /* BLCMedia.m in Sources */,
				C3C15C011AF488B9009B4A5F /* BLCComment.m in Sources */,
				C3C15C041AF4895C009B4A5F /* BLCDataSource.m in Sources */,
			);
			runOnlyForDeploymentPostprocessing = 0;
		};
		C30BD0411AF1FFF300D39A85 /* Sources */ = {
			isa = PBXSourcesBuildPhase;
			buildActionMask = 2147483647;
			files = (
				C30BD04C1AF1FFF300D39A85 /* BlocstagramTests.m in Sources */,
			);
			runOnlyForDeploymentPostprocessing = 0;
		};
/* End PBXSourcesBuildPhase section */

/* Begin PBXTargetDependency section */
		C30BD0471AF1FFF300D39A85 /* PBXTargetDependency */ = {
			isa = PBXTargetDependency;
			target = C30BD02B1AF1FFF200D39A85 /* Blocstagram */;
			targetProxy = C30BD0461AF1FFF300D39A85 /* PBXContainerItemProxy */;
		};
/* End PBXTargetDependency section */

/* Begin XCBuildConfiguration section */
		C30BD04D1AF1FFF300D39A85 /* Debug */ = {
			isa = XCBuildConfiguration;
			buildSettings = {
				ALWAYS_SEARCH_USER_PATHS = NO;
				CLANG_CXX_LANGUAGE_STANDARD = "gnu++0x";
				CLANG_CXX_LIBRARY = "libc++";
				CLANG_ENABLE_MODULES = YES;
				CLANG_ENABLE_OBJC_ARC = YES;
				CLANG_WARN_BOOL_CONVERSION = YES;
				CLANG_WARN_CONSTANT_CONVERSION = YES;
				CLANG_WARN_DIRECT_OBJC_ISA_USAGE = YES_ERROR;
				CLANG_WARN_EMPTY_BODY = YES;
				CLANG_WARN_ENUM_CONVERSION = YES;
				CLANG_WARN_INT_CONVERSION = YES;
				CLANG_WARN_OBJC_ROOT_CLASS = YES_ERROR;
				CLANG_WARN_UNREACHABLE_CODE = YES;
				CLANG_WARN__DUPLICATE_METHOD_MATCH = YES;
				"CODE_SIGN_IDENTITY[sdk=iphoneos*]" = "iPhone Developer";
				COPY_PHASE_STRIP = NO;
				DEBUG_INFORMATION_FORMAT = "dwarf-with-dsym";
				ENABLE_STRICT_OBJC_MSGSEND = YES;
				GCC_C_LANGUAGE_STANDARD = gnu99;
				GCC_DYNAMIC_NO_PIC = NO;
				GCC_NO_COMMON_BLOCKS = YES;
				GCC_OPTIMIZATION_LEVEL = 0;
				GCC_PREPROCESSOR_DEFINITIONS = (
					"DEBUG=1",
					"$(inherited)",
				);
				GCC_SYMBOLS_PRIVATE_EXTERN = NO;
				GCC_WARN_64_TO_32_BIT_CONVERSION = YES;
				GCC_WARN_ABOUT_RETURN_TYPE = YES_ERROR;
				GCC_WARN_UNDECLARED_SELECTOR = YES;
				GCC_WARN_UNINITIALIZED_AUTOS = YES_AGGRESSIVE;
				GCC_WARN_UNUSED_FUNCTION = YES;
				GCC_WARN_UNUSED_VARIABLE = YES;
				IPHONEOS_DEPLOYMENT_TARGET = 8.3;
				MTL_ENABLE_DEBUG_INFO = YES;
				ONLY_ACTIVE_ARCH = YES;
				SDKROOT = iphoneos;
				TARGETED_DEVICE_FAMILY = "1,2";
			};
			name = Debug;
		};
		C30BD04E1AF1FFF300D39A85 /* Release */ = {
			isa = XCBuildConfiguration;
			buildSettings = {
				ALWAYS_SEARCH_USER_PATHS = NO;
				CLANG_CXX_LANGUAGE_STANDARD = "gnu++0x";
				CLANG_CXX_LIBRARY = "libc++";
				CLANG_ENABLE_MODULES = YES;
				CLANG_ENABLE_OBJC_ARC = YES;
				CLANG_WARN_BOOL_CONVERSION = YES;
				CLANG_WARN_CONSTANT_CONVERSION = YES;
				CLANG_WARN_DIRECT_OBJC_ISA_USAGE = YES_ERROR;
				CLANG_WARN_EMPTY_BODY = YES;
				CLANG_WARN_ENUM_CONVERSION = YES;
				CLANG_WARN_INT_CONVERSION = YES;
				CLANG_WARN_OBJC_ROOT_CLASS = YES_ERROR;
				CLANG_WARN_UNREACHABLE_CODE = YES;
				CLANG_WARN__DUPLICATE_METHOD_MATCH = YES;
				"CODE_SIGN_IDENTITY[sdk=iphoneos*]" = "iPhone Developer";
				COPY_PHASE_STRIP = NO;
				DEBUG_INFORMATION_FORMAT = "dwarf-with-dsym";
				ENABLE_NS_ASSERTIONS = NO;
				ENABLE_STRICT_OBJC_MSGSEND = YES;
				GCC_C_LANGUAGE_STANDARD = gnu99;
				GCC_NO_COMMON_BLOCKS = YES;
				GCC_WARN_64_TO_32_BIT_CONVERSION = YES;
				GCC_WARN_ABOUT_RETURN_TYPE = YES_ERROR;
				GCC_WARN_UNDECLARED_SELECTOR = YES;
				GCC_WARN_UNINITIALIZED_AUTOS = YES_AGGRESSIVE;
				GCC_WARN_UNUSED_FUNCTION = YES;
				GCC_WARN_UNUSED_VARIABLE = YES;
				IPHONEOS_DEPLOYMENT_TARGET = 8.3;
				MTL_ENABLE_DEBUG_INFO = NO;
				SDKROOT = iphoneos;
				TARGETED_DEVICE_FAMILY = "1,2";
				VALIDATE_PRODUCT = YES;
			};
			name = Release;
		};
		C30BD0501AF1FFF300D39A85 /* Debug */ = {
			isa = XCBuildConfiguration;
			buildSettings = {
				ASSETCATALOG_COMPILER_APPICON_NAME = AppIcon;
				INFOPLIST_FILE = Blocstagram/Info.plist;
				LD_RUNPATH_SEARCH_PATHS = "$(inherited) @executable_path/Frameworks";
				PRODUCT_NAME = "$(TARGET_NAME)";
			};
			name = Debug;
		};
		C30BD0511AF1FFF300D39A85 /* Release */ = {
			isa = XCBuildConfiguration;
			buildSettings = {
				ASSETCATALOG_COMPILER_APPICON_NAME = AppIcon;
				INFOPLIST_FILE = Blocstagram/Info.plist;
				LD_RUNPATH_SEARCH_PATHS = "$(inherited) @executable_path/Frameworks";
				PRODUCT_NAME = "$(TARGET_NAME)";
			};
			name = Release;
		};
		C30BD0531AF1FFF300D39A85 /* Debug */ = {
			isa = XCBuildConfiguration;
			buildSettings = {
				BUNDLE_LOADER = "$(TEST_HOST)";
				FRAMEWORK_SEARCH_PATHS = (
					"$(SDKROOT)/Developer/Library/Frameworks",
					"$(inherited)",
				);
				GCC_PREPROCESSOR_DEFINITIONS = (
					"DEBUG=1",
					"$(inherited)",
				);
				INFOPLIST_FILE = BlocstagramTests/Info.plist;
				LD_RUNPATH_SEARCH_PATHS = "$(inherited) @executable_path/Frameworks @loader_path/Frameworks";
				PRODUCT_NAME = "$(TARGET_NAME)";
				TEST_HOST = "$(BUILT_PRODUCTS_DIR)/Blocstagram.app/Blocstagram";
			};
			name = Debug;
		};
		C30BD0541AF1FFF300D39A85 /* Release */ = {
			isa = XCBuildConfiguration;
			buildSettings = {
				BUNDLE_LOADER = "$(TEST_HOST)";
				FRAMEWORK_SEARCH_PATHS = (
					"$(SDKROOT)/Developer/Library/Frameworks",
					"$(inherited)",
				);
				INFOPLIST_FILE = BlocstagramTests/Info.plist;
				LD_RUNPATH_SEARCH_PATHS = "$(inherited) @executable_path/Frameworks @loader_path/Frameworks";
				PRODUCT_NAME = "$(TARGET_NAME)";
				TEST_HOST = "$(BUILT_PRODUCTS_DIR)/Blocstagram.app/Blocstagram";
			};
			name = Release;
		};
/* End XCBuildConfiguration section */

/* Begin XCConfigurationList section */
		C30BD0271AF1FFF200D39A85 /* Build configuration list for PBXProject "Blocstagram" */ = {
			isa = XCConfigurationList;
			buildConfigurations = (
				C30BD04D1AF1FFF300D39A85 /* Debug */,
				C30BD04E1AF1FFF300D39A85 /* Release */,
			);
			defaultConfigurationIsVisible = 0;
			defaultConfigurationName = Release;
		};
		C30BD04F1AF1FFF300D39A85 /* Build configuration list for PBXNativeTarget "Blocstagram" */ = {
			isa = XCConfigurationList;
			buildConfigurations = (
				C30BD0501AF1FFF300D39A85 /* Debug */,
				C30BD0511AF1FFF300D39A85 /* Release */,
			);
			defaultConfigurationIsVisible = 0;
			defaultConfigurationName = Release;
		};
		C30BD0521AF1FFF300D39A85 /* Build configuration list for PBXNativeTarget "BlocstagramTests" */ = {
			isa = XCConfigurationList;
			buildConfigurations = (
				C30BD0531AF1FFF300D39A85 /* Debug */,
				C30BD0541AF1FFF300D39A85 /* Release */,
			);
			defaultConfigurationIsVisible = 0;
			defaultConfigurationName = Release;
		};
/* End XCConfigurationList section */
	};
	rootObject = C30BD0241AF1FFF200D39A85 /* Project object */;
}
